Microsoft Visual Studio Solution File, Format Version 12.00
# Visual Studio Version 18
VisualStudioVersion = 18.0.11222.15 d18.0
MinimumVisualStudioVersion = 10.0.40219.1
Project("{FAE04EC0-301F-11D3-BF4B-00C04F79EFBC}") = "SonicOrca.Resources", "SonicOrca.Resources.csproj", "{4280AADB-980E-41E1-BD06-F56350E9E93B}"
EndProject
Project("{FAE04EC0-301F-11D3-BF4B-00C04F79EFBC}") = "SonicOrca.Common", "SonicOrca.Common\SonicOrca.Common.csproj", "{3C8278AA-3D64-414F-92A9-6334CF741EB2}"
EndProject
Global
	GlobalSection(SolutionConfigurationPlatforms) = preSolution
		Debug|Any CPU = Debug|Any CPU
		Release|Any CPU = Release|Any CPU
	EndGlobalSection
	GlobalSection(ProjectConfigurationPlatforms) = postSolution
		{4280AADB-980E-41E1-BD06-F56350E9E93B}.Debug|Any CPU.ActiveCfg = Debug|Any CPU
		{4280AADB-980E-41E1-BD06-F56350E9E93B}.Debug|Any CPU.Build.0 = Debug|Any CPU
		{4280AADB-980E-41E1-BD06-F56350E9E93B}.Release|Any CPU.ActiveCfg = Release|Any CPU
		{4280AADB-980E-41E1-BD06-F56350E9E93B}.Release|Any CPU.Build.0 = Release|Any CPU
		{3C8278AA-3D64-414F-92A9-6334CF741EB2}.Debug|Any CPU.ActiveCfg = Debug|Any CPU
		{3C8278AA-3D64-414F-92A9-6334CF741EB2}.Debug|Any CPU.Build.0 = Debug|Any CPU
		{3C8278AA-3D64-414F-92A9-6334CF741EB2}.Release|Any CPU.ActiveCfg = Release|Any CPU
		{3C8278AA-3D64-414F-92A9-6334CF741EB2}.Release|Any CPU.Build.0 = Release|Any CPU
	EndGlobalSection
	GlobalSection(SolutionProperties) = preSolution
		HideSolutionNode = FALSE
	EndGlobalSection
EndGlobal
